
Microsoft Visual Studio Solution File, Format Version 12.00
# Visual Studio 14
VisualStudioVersion = 14.0.25420.1
MinimumVisualStudioVersion = 10.0.40219.1
Project("{FAE04EC0-301F-11D3-BF4B-00C04F79EFBC}") = "Semaphores", "Semaphores\Semaphores.csproj", "{DA9D7627-19FB-450A-B087-A9E11E524957}"
EndProject
Project("{FAE04EC0-301F-11D3-BF4B-00C04F79EFBC}") = "Mutex", "Mutex\Mutex.csproj", "{E0BB2BB2-566D-42E6-B17C-66C6EAA83131}"
EndProject
Project("{FAE04EC0-301F-11D3-BF4B-00C04F79EFBC}") = "InterlockedExample", "Interlocked\InterlockedExample.csproj", "{2F3642D8-9598-4EFF-8FF9-05F8A6D16142}"
EndProject
Global
	GlobalSection(SolutionConfigurationPlatforms) = preSolution
		Debug|Any CPU = Debug|Any CPU
		Release|Any CPU = Release|Any CPU
	EndGlobalSection
	GlobalSection(ProjectConfigurationPlatforms) = postSolution
		{DA9D7627-19FB-450A-B087-A9E11E524957}.Debug|Any CPU.ActiveCfg = Debug|Any CPU
		{DA9D7627-19FB-450A-B087-A9E11E524957}.Debug|Any CPU.Build.0 = Debug|Any CPU
		{DA9D7627-19FB-450A-B087-A9E11E524957}.Release|Any CPU.ActiveCfg = Release|Any CPU
		{DA9D7627-19FB-450A-B087-A9E11E524957}.Release|Any CPU.Build.0 = Release|Any CPU
		{E0BB2BB2-566D-42E6-B17C-66C6EAA83131}.Debug|Any CPU.ActiveCfg = Debug|Any CPU
		{E0BB2BB2-566D-42E6-B17C-66C6EAA83131}.Debug|Any CPU.Build.0 = Debug|Any CPU
		{E0BB2BB2-566D-42E6-B17C-66C6EAA83131}.Release|Any CPU.ActiveCfg = Release|Any CPU
		{E0BB2BB2-566D-42E6-B17C-66C6EAA83131}.Release|Any CPU.Build.0 = Release|Any CPU
		{2F3642D8-9598-4EFF-8FF9-05F8A6D16142}.Debug|Any CPU.ActiveCfg = Debug|Any CPU
		{2F3642D8-9598-4EFF-8FF9-05F8A6D16142}.Debug|Any CPU.Build.0 = Debug|Any CPU
		{2F3642D8-9598-4EFF-8FF9-05F8A6D16142}.Release|Any CPU.ActiveCfg = Release|Any CPU
		{2F3642D8-9598-4EFF-8FF9-05F8A6D16142}.Release|Any CPU.Build.0 = Release|Any CPU
	EndGlobalSection
	GlobalSection(SolutionProperties) = preSolution
		HideSolutionNode = FALSE
	EndGlobalSection
EndGlobal
